{
  "name": "ReactProjectBased",
  "lockfileVersion": 3,
  "requires": true,
  "packages": {
    "": {
      "dependencies": {
        "nanoid": "^5.1.6",
        "react-hook-form": "^7.71.1"
      }
    },
    "node_modules/nanoid": {
      "version": "5.1.6",
      "resolved": "https://registry.npmjs.org/nanoid/-/nanoid-5.1.6.tgz",
      "integrity": "sha512-c7+7RQ+dMB5dPwwCp4ee1/iV/q2P6aK1mTZcfr1BTuVlyW9hJYiMPybJCcnBlQtuSmTIWNeazm/zqNoZSSElBg==",
      "funding": [
        {
          "type": "github",
          "url": "https://github.com/sponsors/ai"
        }
      ],
      "license": "MIT",
      "bin": {
        "nanoid": "bin/nanoid.js"
      },
      "engines": {
        "node": "^18 || >=20"
      }
    },
    "node_modules/react": {
      "version": "19.2.4",
      "resolved": "https://registry.npmjs.org/react/-/react-19.2.4.tgz",
      "integrity": "sha512-9nfp2hYpCwOjAN+8TZFGhtWEwgvWHXqESH8qT89AT/lWklpLON22Lc8pEtnpsZz7VmawabSU0gCjnj8aC0euHQ==",
      "license": "MIT",
      "peer": true,
      "engines": {
        "node": ">=0.10.0"
      }
    },
    "node_modules/react-hook-form": {
      "version": "7.71.1",
      "resolved": "https://registry.npmjs.org/react-hook-form/-/react-hook-form-7.71.1.tgz",
      "integrity": "sha512-9SUJKCGKo8HUSsCO+y0CtqkqI5nNuaDqTxyqPsZPqIwudpj4rCrAz/jZV+jn57bx5gtZKOh3neQu94DXMc+w5w==",
      "license": "MIT",
      "engines": {
        "node": ">=18.0.0"
      },
      "funding": {
        "type": "opencollective",
        "url": "https://opencollective.com/react-hook-form"
      },
      "peerDependencies": {
        "react": "^16.8.0 || ^17 || ^18 || ^19"
      }
    }
  }
}
